{
  "name": "solution",
  "version": "1.0.0",
  "lockfileVersion": 2,
  "requires": true,
  "packages": {
    "": {
      "name": "solution",
      "version": "1.0.0",
      "license": "ISC",
      "devDependencies": {
        "jest-mock-random": "^1.0.2"
      }
    },
    "node_modules/jest-mock-random": {
      "version": "1.1.1",
      "resolved": "https://registry.npmjs.org/jest-mock-random/-/jest-mock-random-1.1.1.tgz",
      "integrity": "sha512-eLduwHIZeepHCHWTgx6MGr8k4CWxTG39SN76tszzgCjX8GNu6M/05WcXMci73z1GUVqYQAsw6inz6ndgr3Gmqw==",
      "dev": true
    }
  },
  "dependencies": {
    "jest-mock-random": {
      "version": "1.1.1",
      "resolved": "https://registry.npmjs.org/jest-mock-random/-/jest-mock-random-1.1.1.tgz",
      "integrity": "sha512-eLduwHIZeepHCHWTgx6MGr8k4CWxTG39SN76tszzgCjX8GNu6M/05WcXMci73z1GUVqYQAsw6inz6ndgr3Gmqw==",
      "dev": true
    }
  }
}
